
Microsoft Visual Studio Solution File, Format Version 12.00
# Visual Studio 15
VisualStudioVersion = 15.0.26730.15
MinimumVisualStudioVersion = 10.0.40219.1
Project("{FAE04EC0-301F-11D3-BF4B-00C04F79EFBC}") = "TV Show Manager", "Source\TV Show Manager.csproj", "{A09A24DD-BEDB-4FD6-B8EE-1D066033656A}"
EndProject
Project("{FAE04EC0-301F-11D3-BF4B-00C04F79EFBC}") = "UnitTests", "UnitTests.csproj", "{DE37413F-D245-4DC6-88E3-485D5E5D2B68}"
EndProject
Project("{2150E333-8FDC-42A3-9474-1A3956D46DE8}") = "0 Tests", "0 Tests", "{F27B2554-D6DB-4A6E-B24D-D508577064C1}"
EndProject
Project("{FAE04EC0-301F-11D3-BF4B-00C04F79EFBC}") = "TvDbRestApi", "Source\TvDbRestApi\TvDbRestApi.csproj", "{191FE4F7-323E-4FF6-915F-41623789C315}"
EndProject
Project("{FAE04EC0-301F-11D3-BF4B-00C04F79EFBC}") = "TVShows", "Source\TVShowsOnDisk\TVShows.csproj", "{ED8145F4-C11A-462D-A51E-ACE99544CCC1}"
EndProject
Project("{FAE04EC0-301F-11D3-BF4B-00C04F79EFBC}") = "FileSystemIO", "Source\FileSystemIO\FileSystemIO.csproj", "{20169A47-C7AA-4004-A156-7C20DBCCBE90}"
EndProject
Project("{2150E333-8FDC-42A3-9474-1A3956D46DE8}") = "3 Infrastructure", "3 Infrastructure", "{94F13563-B9B6-4CAE-B95A-8CBEA6FB30F7}"
EndProject
Project("{FAE04EC0-301F-11D3-BF4B-00C04F79EFBC}") = "Logger", "Source\Logger\Logger.csproj", "{9A9E5F86-B629-46B7-9F22-DB0B10F7B8F6}"
EndProject
Project("{2150E333-8FDC-42A3-9474-1A3956D46DE8}") = "1 Application", "1 Application", "{1F90288C-EF28-411B-9A89-AE83DEA80924}"
EndProject
Project("{2150E333-8FDC-42A3-9474-1A3956D46DE8}") = "2 Domain", "2 Domain", "{82528D6F-5989-431D-ACFE-AE515BFDD770}"
EndProject
Project("{FAE04EC0-301F-11D3-BF4B-00C04F79EFBC}") = "TimeMonitor", "Source\TimeMonitor\TimeMonitor.csproj", "{5F8378DA-2407-4816-A89A-1048BF198751}"
EndProject
Project("{FAE04EC0-301F-11D3-BF4B-00C04F79EFBC}") = "StringUtils", "Source\StringUtils\StringUtils.csproj", "{0B0E53EC-7928-4B25-9E2E-1DB0369412AE}"
EndProject
Global
	GlobalSection(SolutionConfigurationPlatforms) = preSolution
		Debug|Any CPU = Debug|Any CPU
		Debug|x86 = Debug|x86
		Release|Any CPU = Release|Any CPU
		Release|x86 = Release|x86
	EndGlobalSection
	GlobalSection(ProjectConfigurationPlatforms) = postSolution
		{A09A24DD-BEDB-4FD6-B8EE-1D066033656A}.Debug|Any CPU.ActiveCfg = Debug|Any CPU
		{A09A24DD-BEDB-4FD6-B8EE-1D066033656A}.Debug|Any CPU.Build.0 = Debug|Any CPU
		{A09A24DD-BEDB-4FD6-B8EE-1D066033656A}.Debug|x86.ActiveCfg = Debug|Any CPU
		{A09A24DD-BEDB-4FD6-B8EE-1D066033656A}.Debug|x86.Build.0 = Debug|Any CPU
		{A09A24DD-BEDB-4FD6-B8EE-1D066033656A}.Release|Any CPU.ActiveCfg = Release|Any CPU
		{A09A24DD-BEDB-4FD6-B8EE-1D066033656A}.Release|Any CPU.Build.0 = Release|Any CPU
		{A09A24DD-BEDB-4FD6-B8EE-1D066033656A}.Release|x86.ActiveCfg = Release|Any CPU
		{A09A24DD-BEDB-4FD6-B8EE-1D066033656A}.Release|x86.Build.0 = Release|Any CPU
		{DE37413F-D245-4DC6-88E3-485D5E5D2B68}.Debug|Any CPU.ActiveCfg = Debug|Any CPU
		{DE37413F-D245-4DC6-88E3-485D5E5D2B68}.Debug|Any CPU.Build.0 = Debug|Any CPU
		{DE37413F-D245-4DC6-88E3-485D5E5D2B68}.Debug|x86.ActiveCfg = Debug|Any CPU
		{DE37413F-D245-4DC6-88E3-485D5E5D2B68}.Debug|x86.Build.0 = Debug|Any CPU
		{DE37413F-D245-4DC6-88E3-485D5E5D2B68}.Release|Any CPU.ActiveCfg = Release|Any CPU
		{DE37413F-D245-4DC6-88E3-485D5E5D2B68}.Release|Any CPU.Build.0 = Release|Any CPU
		{DE37413F-D245-4DC6-88E3-485D5E5D2B68}.Release|x86.ActiveCfg = Release|Any CPU
		{DE37413F-D245-4DC6-88E3-485D5E5D2B68}.Release|x86.Build.0 = Release|Any CPU
		{191FE4F7-323E-4FF6-915F-41623789C315}.Debug|Any CPU.ActiveCfg = Debug|Any CPU
		{191FE4F7-323E-4FF6-915F-41623789C315}.Debug|Any CPU.Build.0 = Debug|Any CPU
		{191FE4F7-323E-4FF6-915F-41623789C315}.Debug|x86.ActiveCfg = Debug|Any CPU
		{191FE4F7-323E-4FF6-915F-41623789C315}.Debug|x86.Build.0 = Debug|Any CPU
		{191FE4F7-323E-4FF6-915F-41623789C315}.Release|Any CPU.ActiveCfg = Release|Any CPU
		{191FE4F7-323E-4FF6-915F-41623789C315}.Release|Any CPU.Build.0 = Release|Any CPU
		{191FE4F7-323E-4FF6-915F-41623789C315}.Release|x86.ActiveCfg = Release|Any CPU
		{191FE4F7-323E-4FF6-915F-41623789C315}.Release|x86.Build.0 = Release|Any CPU
		{ED8145F4-C11A-462D-A51E-ACE99544CCC1}.Debug|Any CPU.ActiveCfg = Debug|Any CPU
		{ED8145F4-C11A-462D-A51E-ACE99544CCC1}.Debug|Any CPU.Build.0 = Debug|Any CPU
		{ED8145F4-C11A-462D-A51E-ACE99544CCC1}.Debug|x86.ActiveCfg = Debug|Any CPU
		{ED8145F4-C11A-462D-A51E-ACE99544CCC1}.Debug|x86.Build.0 = Debug|Any CPU
		{ED8145F4-C11A-462D-A51E-ACE99544CCC1}.Release|Any CPU.ActiveCfg = Release|Any CPU
		{ED8145F4-C11A-462D-A51E-ACE99544CCC1}.Release|Any CPU.Build.0 = Release|Any CPU
		{ED8145F4-C11A-462D-A51E-ACE99544CCC1}.Release|x86.ActiveCfg = Release|Any CPU
		{ED8145F4-C11A-462D-A51E-ACE99544CCC1}.Release|x86.Build.0 = Release|Any CPU
		{20169A47-C7AA-4004-A156-7C20DBCCBE90}.Debug|Any CPU.ActiveCfg = Debug|Any CPU
		{20169A47-C7AA-4004-A156-7C20DBCCBE90}.Debug|Any CPU.Build.0 = Debug|Any CPU
		{20169A47-C7AA-4004-A156-7C20DBCCBE90}.Debug|x86.ActiveCfg = Debug|Any CPU
		{20169A47-C7AA-4004-A156-7C20DBCCBE90}.Debug|x86.Build.0 = Debug|Any CPU
		{20169A47-C7AA-4004-A156-7C20DBCCBE90}.Release|Any CPU.ActiveCfg = Release|Any CPU
		{20169A47-C7AA-4004-A156-7C20DBCCBE90}.Release|Any CPU.Build.0 = Release|Any CPU
		{20169A47-C7AA-4004-A156-7C20DBCCBE90}.Release|x86.ActiveCfg = Release|Any CPU
		{20169A47-C7AA-4004-A156-7C20DBCCBE90}.Release|x86.Build.0 = Release|Any CPU
		{9A9E5F86-B629-46B7-9F22-DB0B10F7B8F6}.Debug|Any CPU.ActiveCfg = Debug|Any CPU
		{9A9E5F86-B629-46B7-9F22-DB0B10F7B8F6}.Debug|Any CPU.Build.0 = Debug|Any CPU
		{9A9E5F86-B629-46B7-9F22-DB0B10F7B8F6}.Debug|x86.ActiveCfg = Debug|Any CPU
		{9A9E5F86-B629-46B7-9F22-DB0B10F7B8F6}.Debug|x86.Build.0 = Debug|Any CPU
		{9A9E5F86-B629-46B7-9F22-DB0B10F7B8F6}.Release|Any CPU.ActiveCfg = Release|Any CPU
		{9A9E5F86-B629-46B7-9F22-DB0B10F7B8F6}.Release|Any CPU.Build.0 = Release|Any CPU
		{9A9E5F86-B629-46B7-9F22-DB0B10F7B8F6}.Release|x86.ActiveCfg = Release|Any CPU
		{9A9E5F86-B629-46B7-9F22-DB0B10F7B8F6}.Release|x86.Build.0 = Release|Any CPU
		{5F8378DA-2407-4816-A89A-1048BF198751}.Debug|Any CPU.ActiveCfg = Debug|Any CPU
		{5F8378DA-2407-4816-A89A-1048BF198751}.Debug|Any CPU.Build.0 = Debug|Any CPU
		{5F8378DA-2407-4816-A89A-1048BF198751}.Debug|x86.ActiveCfg = Debug|Any CPU
		{5F8378DA-2407-4816-A89A-1048BF198751}.Debug|x86.Build.0 = Debug|Any CPU
		{5F8378DA-2407-4816-A89A-1048BF198751}.Release|Any CPU.ActiveCfg = Release|Any CPU
		{5F8378DA-2407-4816-A89A-1048BF198751}.Release|Any CPU.Build.0 = Release|Any CPU
		{5F8378DA-2407-4816-A89A-1048BF198751}.Release|x86.ActiveCfg = Release|Any CPU
		{5F8378DA-2407-4816-A89A-1048BF198751}.Release|x86.Build.0 = Release|Any CPU
		{0B0E53EC-7928-4B25-9E2E-1DB0369412AE}.Debug|Any CPU.ActiveCfg = Debug|Any CPU
		{0B0E53EC-7928-4B25-9E2E-1DB0369412AE}.Debug|Any CPU.Build.0 = Debug|Any CPU
		{0B0E53EC-7928-4B25-9E2E-1DB0369412AE}.Debug|x86.ActiveCfg = Debug|Any CPU
		{0B0E53EC-7928-4B25-9E2E-1DB0369412AE}.Debug|x86.Build.0 = Debug|Any CPU
		{0B0E53EC-7928-4B25-9E2E-1DB0369412AE}.Release|Any CPU.ActiveCfg = Release|Any CPU
		{0B0E53EC-7928-4B25-9E2E-1DB0369412AE}.Release|Any CPU.Build.0 = Release|Any CPU
		{0B0E53EC-7928-4B25-9E2E-1DB0369412AE}.Release|x86.ActiveCfg = Release|Any CPU
		{0B0E53EC-7928-4B25-9E2E-1DB0369412AE}.Release|x86.Build.0 = Release|Any CPU
	EndGlobalSection
	GlobalSection(SolutionProperties) = preSolution
		HideSolutionNode = FALSE
	EndGlobalSection
	GlobalSection(NestedProjects) = preSolution
		{A09A24DD-BEDB-4FD6-B8EE-1D066033656A} = {1F90288C-EF28-411B-9A89-AE83DEA80924}
		{DE37413F-D245-4DC6-88E3-485D5E5D2B68} = {F27B2554-D6DB-4A6E-B24D-D508577064C1}
		{191FE4F7-323E-4FF6-915F-41623789C315} = {82528D6F-5989-431D-ACFE-AE515BFDD770}
		{ED8145F4-C11A-462D-A51E-ACE99544CCC1} = {82528D6F-5989-431D-ACFE-AE515BFDD770}
		{20169A47-C7AA-4004-A156-7C20DBCCBE90} = {94F13563-B9B6-4CAE-B95A-8CBEA6FB30F7}
		{9A9E5F86-B629-46B7-9F22-DB0B10F7B8F6} = {94F13563-B9B6-4CAE-B95A-8CBEA6FB30F7}
		{5F8378DA-2407-4816-A89A-1048BF198751} = {94F13563-B9B6-4CAE-B95A-8CBEA6FB30F7}
		{0B0E53EC-7928-4B25-9E2E-1DB0369412AE} = {94F13563-B9B6-4CAE-B95A-8CBEA6FB30F7}
	EndGlobalSection
	GlobalSection(ExtensibilityGlobals) = postSolution
		SolutionGuid = {C40B6DC9-B02A-4412-B89D-A7B209D979F6}
	EndGlobalSection
EndGlobal
